// !$*UTF8*$!
{
	archiveVersion = 1;
	classes = {
	};
	objectVersion = 50;
	objects = {

/* Begin PBXBuildFile section */
		940324D82354653500C5BCE4 /* AppDelegate.swift in Sources */ = {isa = PBXBuildFile; fileRef = 940324D72354653500C5BCE4 /* AppDelegate.swift */; };
		940324DA2354653500C5BCE4 /* SceneDelegate.swift in Sources */ = {isa = PBXBuildFile; fileRef = 940324D92354653500C5BCE4 /* SceneDelegate.swift */; };
		940324DC2354653500C5BCE4 /* ViewController.swift in Sources */ = {isa = PBXBuildFile; fileRef = 940324DB2354653500C5BCE4 /* ViewController.swift */; };
		940324DF2354653500C5BCE4 /* Main.storyboard in Resources */ = {isa = PBXBuildFile; fileRef = 940324DD2354653500C5BCE4 /* Main.storyboard */; };
		940324E22354653500C5BCE4 /* HookNotes101.xcdatamodeld in Sources */ = {isa = PBXBuildFile; fileRef = 940324E02354653500C5BCE4 /* HookNotes101.xcdatamodeld */; };
		940324E42354653600C5BCE4 /* Assets.xcassets in Resources */ = {isa = PBXBuildFile; fileRef = 940324E32354653600C5BCE4 /* Assets.xcassets */; };
		940324E72354653600C5BCE4 /* LaunchScreen.storyboard in Resources */ = {isa = PBXBuildFile; fileRef = 940324E52354653600C5BCE4 /* LaunchScreen.storyboard */; };
		940324F22354653600C5BCE4 /* HookNotes101Tests.swift in Sources */ = {isa = PBXBuildFile; fileRef = 940324F12354653600C5BCE4 /* HookNotes101Tests.swift */; };
		940324FD2354653600C5BCE4 /* HookNotes101UITests.swift in Sources */ = {isa = PBXBuildFile; fileRef = 940324FC2354653600C5BCE4 /* HookNotes101UITests.swift */; };
/* End PBXBuildFile section */

/* Begin PBXContainerItemProxy section */
		940324EE2354653600C5BCE4 /* PBXContainerItemProxy */ = {
			isa = PBXContainerItemProxy;
			containerPortal = 940324CC2354653400C5BCE4 /* Project object */;
			proxyType = 1;
			remoteGlobalIDString = 940324D32354653400C5BCE4;
			remoteInfo = HookNotes101;
		};
		940324F92354653600C5BCE4 /* PBXContainerItemProxy */ = {
			isa = PBXContainerItemProxy;
			containerPortal = 940324CC2354653400C5BCE4 /* Project object */;
			proxyType = 1;
			remoteGlobalIDString = 940324D32354653400C5BCE4;
			remoteInfo = HookNotes101;
		};
/* End PBXContainerItemProxy section */

/* Begin PBXFileReference section */
		940324D42354653400C5BCE4 /* HookNotes101.app */ = {isa = PBXFileReference; explicitFileType = wrapper.application; includeInIndex = 0; path = HookNotes101.app; sourceTree = BUILT_PRODUCTS_DIR; };
		940324D72354653500C5BCE4 /* AppDelegate.swift */ = {isa = PBXFileReference; lastKnownFileType = sourcecode.swift; path = AppDelegate.swift; sourceTree = "<group>"; };
		940324D92354653500C5BCE4 /* SceneDelegate.swift */ = {isa = PBXFileReference; lastKnownFileType = sourcecode.swift; path = SceneDelegate.swift; sourceTree = "<group>"; };
		940324DB2354653500C5BCE4 /* ViewController.swift */ = {isa = PBXFileReference; lastKnownFileType = sourcecode.swift; path = ViewController.swift; sourceTree = "<group>"; };
		940324DE2354653500C5BCE4 /* Base */ = {isa = PBXFileReference; lastKnownFileType = file.storyboard; name = Base; path = Base.lproj/Main.storyboard; sourceTree = "<group>"; };
		940324E12354653500C5BCE4 /* HookNotes101.xcdatamodel */ = {isa = PBXFileReference; lastKnownFileType = wrapper.xcdatamodel; path = HookNotes101.xcdatamodel; sourceTree = "<group>"; };
		940324E32354653600C5BCE4 /* Assets.xcassets */ = {isa = PBXFileReference; lastKnownFileType = folder.assetcatalog; path = Assets.xcassets; sourceTree = "<group>"; };
		940324E62354653600C5BCE4 /* Base */ = {isa = PBXFileReference; lastKnownFileType = file.storyboard; name = Base; path = Base.lproj/LaunchScreen.storyboard; sourceTree = "<group>"; };
		940324E82354653600C5BCE4 /* Info.plist */ = {isa = PBXFileReference; lastKnownFileType = text.plist.xml; path = Info.plist; sourceTree = "<group>"; };
		940324ED2354653600C5BCE4 /* HookNotes101Tests.xctest */ = {isa = PBXFileReference; explicitFileType = wrapper.cfbundle; includeInIndex = 0; path = HookNotes101Tests.xctest; sourceTree = BUILT_PRODUCTS_DIR; };
		940324F12354653600C5BCE4 /* HookNotes101Tests.swift */ = {isa = PBXFileReference; lastKnownFileType = sourcecode.swift; path = HookNotes101Tests.swift; sourceTree = "<group>"; };
		940324F32354653600C5BCE4 /* Info.plist */ = {isa = PBXFileReference; lastKnownFileType = text.plist.xml; path = Info.plist; sourceTree = "<group>"; };
		940324F82354653600C5BCE4 /* HookNotes101UITests.xctest */ = {isa = PBXFileReference; explicitFileType = wrapper.cfbundle; includeInIndex = 0; path = HookNotes101UITests.xctest; sourceTree = BUILT_PRODUCTS_DIR; };
		940324FC2354653600C5BCE4 /* HookNotes101UITests.swift */ = {isa = PBXFileReference; lastKnownFileType = sourcecode.swift; path = HookNotes101UITests.swift; sourceTree = "<group>"; };
		940324FE2354653600C5BCE4 /* Info.plist */ = {isa = PBXFileReference; lastKnownFileType = text.plist.xml; path = Info.plist; sourceTree = "<group>"; };
/* End PBXFileReference section */

/* Begin PBXFrameworksBuildPhase section */
		940324D12354653400C5BCE4 /* Frameworks */ = {
			isa = PBXFrameworksBuildPhase;
			buildActionMask = 2147483647;
			files = (
			);
			runOnlyForDeploymentPostprocessing = 0;
		};
		940324EA2354653600C5BCE4 /* Frameworks */ = {
			isa = PBXFrameworksBuildPhase;
			buildActionMask = 2147483647;
			files = (
			);
			runOnlyForDeploymentPostprocessing = 0;
		};
		940324F52354653600C5BCE4 /* Frameworks */ = {
			isa = PBXFrameworksBuildPhase;
			buildActionMask = 2147483647;
			files = (
			);
			runOnlyForDeploymentPostprocessing = 0;
		};
/* End PBXFrameworksBuildPhase section */

/* Begin PBXGroup section */
		940324CB2354653400C5BCE4 = {
			isa = PBXGroup;
			children = (
				940324D62354653400C5BCE4 /* HookNotes101 */,
				940324F02354653600C5BCE4 /* HookNotes101Tests */,
				940324FB2354653600C5BCE4 /* HookNotes101UITests */,
				940324D52354653400C5BCE4 /* Products */,
			);
			sourceTree = "<group>";
		};
		940324D52354653400C5BCE4 /* Products */ = {
			isa = PBXGroup;
			children = (
				940324D42354653400C5BCE4 /* HookNotes101.app */,
				940324ED2354653600C5BCE4 /* HookNotes101Tests.xctest */,
				940324F82354653600C5BCE4 /* HookNotes101UITests.xctest */,
			);
			name = Products;
			sourceTree = "<group>";
		};
		940324D62354653400C5BCE4 /* HookNotes101 */ = {
			isa = PBXGroup;
			children = (
				940324D72354653500C5BCE4 /* AppDelegate.swift */,
				940324D92354653500C5BCE4 /* SceneDelegate.swift */,
				940324DB2354653500C5BCE4 /* ViewController.swift */,
				940324DD2354653500C5BCE4 /* Main.storyboard */,
				940324E32354653600C5BCE4 /* Assets.xcassets */,
				940324E52354653600C5BCE4 /* LaunchScreen.storyboard */,
				940324E82354653600C5BCE4 /* Info.plist */,
				940324E02354653500C5BCE4 /* HookNotes101.xcdatamodeld */,
			);
			path = HookNotes101;
			sourceTree = "<group>";
		};
		940324F02354653600C5BCE4 /* HookNotes101Tests */ = {
			isa = PBXGroup;
			children = (
				940324F12354653600C5BCE4 /* HookNotes101Tests.swift */,
				940324F32354653600C5BCE4 /* Info.plist */,
			);
			path = HookNotes101Tests;
			sourceTree = "<group>";
		};
		940324FB2354653600C5BCE4 /* HookNotes101UITests */ = {
			isa = PBXGroup;
			children = (
				940324FC2354653600C5BCE4 /* HookNotes101UITests.swift */,
				940324FE2354653600C5BCE4 /* Info.plist */,
			);
			path = HookNotes101UITests;
			sourceTree = "<group>";
		};
/* End PBXGroup section */

/* Begin PBXNativeTarget section */
		940324D32354653400C5BCE4 /* HookNotes101 */ = {
			isa = PBXNativeTarget;
			buildConfigurationList = 940325012354653600C5BCE4 /* Build configuration list for PBXNativeTarget "HookNotes101" */;
			buildPhases = (
				940324D02354653400C5BCE4 /* Sources */,
				940324D12354653400C5BCE4 /* Frameworks */,
				940324D22354653400C5BCE4 /* Resources */,
			);
			buildRules = (
			);
			dependencies = (
			);
			name = HookNotes101;
			productName = HookNotes101;
			productReference = 940324D42354653400C5BCE4 /* HookNotes101.app */;
			productType = "com.apple.product-type.application";
		};
		940324EC2354653600C5BCE4 /* HookNotes101Tests */ = {
			isa = PBXNativeTarget;
			buildConfigurationList = 940325042354653600C5BCE4 /* Build configuration list for PBXNativeTarget "HookNotes101Tests" */;
			buildPhases = (
				940324E92354653600C5BCE4 /* Sources */,
				940324EA2354653600C5BCE4 /* Frameworks */,
				940324EB2354653600C5BCE4 /* Resources */,
			);
			buildRules = (
			);
			dependencies = (
				940324EF2354653600C5BCE4 /* PBXTargetDependency */,
			);
			name = HookNotes101Tests;
			productName = HookNotes101Tests;
			productReference = 940324ED2354653600C5BCE4 /* HookNotes101Tests.xctest */;
			productType = "com.apple.product-type.bundle.unit-test";
		};
		940324F72354653600C5BCE4 /* HookNotes101UITests */ = {
			isa = PBXNativeTarget;
			buildConfigurationList = 940325072354653600C5BCE4 /* Build configuration list for PBXNativeTarget "HookNotes101UITests" */;
			buildPhases = (
				940324F42354653600C5BCE4 /* Sources */,
				940324F52354653600C5BCE4 /* Frameworks */,
				940324F62354653600C5BCE4 /* Resources */,
			);
			buildRules = (
			);
			dependencies = (
				940324FA2354653600C5BCE4 /* PBXTargetDependency */,
			);
			name = HookNotes101UITests;
			productName = HookNotes101UITests;
			productReference = 940324F82354653600C5BCE4 /* HookNotes101UITests.xctest */;
			productType = "com.apple.product-type.bundle.ui-testing";
		};
/* End PBXNativeTarget section */

/* Begin PBXProject section */
		940324CC2354653400C5BCE4 /* Project object */ = {
			isa = PBXProject;
			attributes = {
				LastSwiftUpdateCheck = 1100;
				LastUpgradeCheck = 1100;
				ORGANIZATIONNAME = taptap;
				TargetAttributes = {
					940324D32354653400C5BCE4 = {
						CreatedOnToolsVersion = 11.0;
					};
					940324EC2354653600C5BCE4 = {
						CreatedOnToolsVersion = 11.0;
						TestTargetID = 940324D32354653400C5BCE4;
					};
					940324F72354653600C5BCE4 = {
						CreatedOnToolsVersion = 11.0;
						TestTargetID = 940324D32354653400C5BCE4;
					};
				};
			};
			buildConfigurationList = 940324CF2354653400C5BCE4 /* Build configuration list for PBXProject "HookNotes101" */;
			compatibilityVersion = "Xcode 9.3";
			developmentRegion = en;
			hasScannedForEncodings = 0;
			knownRegions = (
				en,
				Base,
			);
			mainGroup = 940324CB2354653400C5BCE4;
			productRefGroup = 940324D52354653400C5BCE4 /* Products */;
			projectDirPath = "";
			projectRoot = "";
			targets = (
				940324D32354653400C5BCE4 /* HookNotes101 */,
				940324EC2354653600C5BCE4 /* HookNotes101Tests */,
				940324F72354653600C5BCE4 /* HookNotes101UITests */,
			);
		};
/* End PBXProject section */

/* Begin PBXResourcesBuildPhase section */
		940324D22354653400C5BCE4 /* Resources */ = {
			isa = PBXResourcesBuildPhase;
			buildActionMask = 2147483647;
			files = (
				940324E72354653600C5BCE4 /* LaunchScreen.storyboard in Resources */,
				940324E42354653600C5BCE4 /* Assets.xcassets in Resources */,
				940324DF2354653500C5BCE4 /* Main.storyboard in Resources */,
			);
			runOnlyForDeploymentPostprocessing = 0;
		};
		940324EB2354653600C5BCE4 /* Resources */ = {
			isa = PBXResourcesBuildPhase;
			buildActionMask = 2147483647;
			files = (
			);
			runOnlyForDeploymentPostprocessing = 0;
		};
		940324F62354653600C5BCE4 /* Resources */ = {
			isa = PBXResourcesBuildPhase;
			buildActionMask = 2147483647;
			files = (
			);
			runOnlyForDeploymentPostprocessing = 0;
		};
/* End PBXResourcesBuildPhase section */

/* Begin PBXSourcesBuildPhase section */
		940324D02354653400C5BCE4 /* Sources */ = {
			isa = PBXSourcesBuildPhase;
			buildActionMask = 2147483647;
			files = (
				940324DC2354653500C5BCE4 /* ViewController.swift in Sources */,
				940324E22354653500C5BCE4 /* HookNotes101.xcdatamodeld in Sources */,
				940324D82354653500C5BCE4 /* AppDelegate.swift in Sources */,
				940324DA2354653500C5BCE4 /* SceneDelegate.swift in Sources */,
			);
			runOnlyForDeploymentPostprocessing = 0;
		};
		940324E92354653600C5BCE4 /* Sources */ = {
			isa = PBXSourcesBuildPhase;
			buildActionMask = 2147483647;
			files = (
				940324F22354653600C5BCE4 /* HookNotes101Tests.swift in Sources */,
			);
			runOnlyForDeploymentPostprocessing = 0;
		};
		940324F42354653600C5BCE4 /* Sources */ = {
			isa = PBXSourcesBuildPhase;
			buildActionMask = 2147483647;
			files = (
				940324FD2354653600C5BCE4 /* HookNotes101UITests.swift in Sources */,
			);
			runOnlyForDeploymentPostprocessing = 0;
		};
/* End PBXSourcesBuildPhase section */

/* Begin PBXTargetDependency section */
		940324EF2354653600C5BCE4 /* PBXTargetDependency */ = {
			isa = PBXTargetDependency;
			target = 940324D32354653400C5BCE4 /* HookNotes101 */;
			targetProxy = 940324EE2354653600C5BCE4 /* PBXContainerItemProxy */;
		};
		940324FA2354653600C5BCE4 /* PBXTargetDependency */ = {
			isa = PBXTargetDependency;
			target = 940324D32354653400C5BCE4 /* HookNotes101 */;
			targetProxy = 940324F92354653600C5BCE4 /* PBXContainerItemProxy */;
		};
/* End PBXTargetDependency section */

/* Begin PBXVariantGroup section */
		940324DD2354653500C5BCE4 /* Main.storyboard */ = {
			isa = PBXVariantGroup;
			children = (
				940324DE2354653500C5BCE4 /* Base */,
			);
			name = Main.storyboard;
			sourceTree = "<group>";
		};
		940324E52354653600C5BCE4 /* LaunchScreen.storyboard */ = {
			isa = PBXVariantGroup;
			children = (
				940324E62354653600C5BCE4 /* Base */,
			);
			name = LaunchScreen.storyboard;
			sourceTree = "<group>";
		};
/* End PBXVariantGroup section */

/* Begin XCBuildConfiguration section */
		940324FF2354653600C5BCE4 /* Debug */ = {
			isa = XCBuildConfiguration;
			buildSettings = {
				ALWAYS_SEARCH_USER_PATHS = NO;
				CLANG_ANALYZER_NONNULL = YES;
				CLANG_ANALYZER_NUMBER_OBJECT_CONVERSION = YES_AGGRESSIVE;
				CLANG_CXX_LANGUAGE_STANDARD = "gnu++14";
				CLANG_CXX_LIBRARY = "libc++";
				CLANG_ENABLE_MODULES = YES;
				CLANG_ENABLE_OBJC_ARC = YES;
				CLANG_ENABLE_OBJC_WEAK = YES;
				CLANG_WARN_BLOCK_CAPTURE_AUTORELEASING = YES;
				CLANG_WARN_BOOL_CONVERSION = YES;
				CLANG_WARN_COMMA = YES;
				CLANG_WARN_CONSTANT_CONVERSION = YES;
				CLANG_WARN_DEPRECATED_OBJC_IMPLEMENTATIONS = YES;
				CLANG_WARN_DIRECT_OBJC_ISA_USAGE = YES_ERROR;
				CLANG_WARN_DOCUMENTATION_COMMENTS = YES;
				CLANG_WARN_EMPTY_BODY = YES;
				CLANG_WARN_ENUM_CONVERSION = YES;
				CLANG_WARN_INFINITE_RECURSION = YES;
				CLANG_WARN_INT_CONVERSION = YES;
				CLANG_WARN_NON_LITERAL_NULL_CONVERSION = YES;
				CLANG_WARN_OBJC_IMPLICIT_RETAIN_SELF = YES;
				CLANG_WARN_OBJC_LITERAL_CONVERSION = YES;
				CLANG_WARN_OBJC_ROOT_CLASS = YES_ERROR;
				CLANG_WARN_RANGE_LOOP_ANALYSIS = YES;
				CLANG_WARN_STRICT_PROTOTYPES = YES;
				CLANG_WARN_SUSPICIOUS_MOVE = YES;
				CLANG_WARN_UNGUARDED_AVAILABILITY = YES_AGGRESSIVE;
				CLANG_WARN_UNREACHABLE_CODE = YES;
				CLANG_WARN__DUPLICATE_METHOD_MATCH = YES;
				COPY_PHASE_STRIP = NO;
				DEBUG_INFORMATION_FORMAT = dwarf;
				ENABLE_STRICT_OBJC_MSGSEND = YES;
				ENABLE_TESTABILITY = YES;
				GCC_C_LANGUAGE_STANDARD = gnu11;
				GCC_DYNAMIC_NO_PIC = NO;
				GCC_NO_COMMON_BLOCKS = YES;
				GCC_OPTIMIZATION_LEVEL = 0;
				GCC_PREPROCESSOR_DEFINITIONS = (
					"DEBUG=1",
					"$(inherited)",
				);
				GCC_WARN_64_TO_32_BIT_CONVERSION = YES;
				GCC_WARN_ABOUT_RETURN_TYPE = YES_ERROR;
				GCC_WARN_UNDECLARED_SELECTOR = YES;
				GCC_WARN_UNINITIALIZED_AUTOS = YES_AGGRESSIVE;
				GCC_WARN_UNUSED_FUNCTION = YES;
				GCC_WARN_UNUSED_VARIABLE = YES;
				IPHONEOS_DEPLOYMENT_TARGET = 13.0;
				MTL_ENABLE_DEBUG_INFO = INCLUDE_SOURCE;
				MTL_FAST_MATH = YES;
				ONLY_ACTIVE_ARCH = YES;
				SDKROOT = iphoneos;
				SWIFT_ACTIVE_COMPILATION_CONDITIONS = DEBUG;
				SWIFT_OPTIMIZATION_LEVEL = "-Onone";
			};
			name = Debug;
		};
		940325002354653600C5BCE4 /* Release */ = {
			isa = XCBuildConfiguration;
			buildSettings = {
				ALWAYS_SEARCH_USER_PATHS = NO;
				CLANG_ANALYZER_NONNULL = YES;
				CLANG_ANALYZER_NUMBER_OBJECT_CONVERSION = YES_AGGRESSIVE;
				CLANG_CXX_LANGUAGE_STANDARD = "gnu++14";
				CLANG_CXX_LIBRARY = "libc++";
				CLANG_ENABLE_MODULES = YES;
				CLANG_ENABLE_OBJC_ARC = YES;
				CLANG_ENABLE_OBJC_WEAK = YES;
				CLANG_WARN_BLOCK_CAPTURE_AUTORELEASING = YES;
				CLANG_WARN_BOOL_CONVERSION = YES;
				CLANG_WARN_COMMA = YES;
				CLANG_WARN_CONSTANT_CONVERSION = YES;
				CLANG_WARN_DEPRECATED_OBJC_IMPLEMENTATIONS = YES;
				CLANG_WARN_DIRECT_OBJC_ISA_USAGE = YES_ERROR;
				CLANG_WARN_DOCUMENTATION_COMMENTS = YES;
				CLANG_WARN_EMPTY_BODY = YES;
				CLANG_WARN_ENUM_CONVERSION = YES;
				CLANG_WARN_INFINITE_RECURSION = YES;
				CLANG_WARN_INT_CONVERSION = YES;
				CLANG_WARN_NON_LITERAL_NULL_CONVERSION = YES;
				CLANG_WARN_OBJC_IMPLICIT_RETAIN_SELF = YES;
				CLANG_WARN_OBJC_LITERAL_CONVERSION = YES;
				CLANG_WARN_OBJC_ROOT_CLASS = YES_ERROR;
				CLANG_WARN_RANGE_LOOP_ANALYSIS = YES;
				CLANG_WARN_STRICT_PROTOTYPES = YES;
				CLANG_WARN_SUSPICIOUS_MOVE = YES;
				CLANG_WARN_UNGUARDED_AVAILABILITY = YES_AGGRESSIVE;
				CLANG_WARN_UNREACHABLE_CODE = YES;
				CLANG_WARN__DUPLICATE_METHOD_MATCH = YES;
				COPY_PHASE_STRIP = NO;
				DEBUG_INFORMATION_FORMAT = "dwarf-with-dsym";
				ENABLE_NS_ASSERTIONS = NO;
				ENABLE_STRICT_OBJC_MSGSEND = YES;
				GCC_C_LANGUAGE_STANDARD = gnu11;
				GCC_NO_COMMON_BLOCKS = YES;
				GCC_WARN_64_TO_32_BIT_CONVERSION = YES;
				GCC_WARN_ABOUT_RETURN_TYPE = YES_ERROR;
				GCC_WARN_UNDECLARED_SELECTOR = YES;
				GCC_WARN_UNINITIALIZED_AUTOS = YES_AGGRESSIVE;
				GCC_WARN_UNUSED_FUNCTION = YES;
				GCC_WARN_UNUSED_VARIABLE = YES;
				IPHONEOS_DEPLOYMENT_TARGET = 13.0;
				MTL_ENABLE_DEBUG_INFO = NO;
				MTL_FAST_MATH = YES;
				SDKROOT = iphoneos;
				SWIFT_COMPILATION_MODE = wholemodule;
				SWIFT_OPTIMIZATION_LEVEL = "-O";
				VALIDATE_PRODUCT = YES;
			};
			name = Release;
		};
		940325022354653600C5BCE4 /* Debug */ = {
			isa = XCBuildConfiguration;
			buildSettings = {
				ASSETCATALOG_COMPILER_APPICON_NAME = AppIcon;
				CODE_SIGN_STYLE = Automatic;
				DEVELOPMENT_TEAM = 34928A9DUL;
				INFOPLIST_FILE = HookNotes101/Info.plist;
				LD_RUNPATH_SEARCH_PATHS = (
					"$(inherited)",
					"@executable_path/Frameworks",
				);
				PRODUCT_BUNDLE_IDENTIFIER = taptap.HookNotes101;
				PRODUCT_NAME = "$(TARGET_NAME)";
				SWIFT_VERSION = 5.0;
				TARGETED_DEVICE_FAMILY = "1,2";
			};
			name = Debug;
		};
		940325032354653600C5BCE4 /* Release */ = {
			isa = XCBuildConfiguration;
			buildSettings = {
				ASSETCATALOG_COMPILER_APPICON_NAME = AppIcon;
				CODE_SIGN_STYLE = Automatic;
				DEVELOPMENT_TEAM = 34928A9DUL;
				INFOPLIST_FILE = HookNotes101/Info.plist;
				LD_RUNPATH_SEARCH_PATHS = (
					"$(inherited)",
					"@executable_path/Frameworks",
				);
				PRODUCT_BUNDLE_IDENTIFIER = taptap.HookNotes101;
				PRODUCT_NAME = "$(TARGET_NAME)";
				SWIFT_VERSION = 5.0;
				TARGETED_DEVICE_FAMILY = "1,2";
			};
			name = Release;
		};
		940325052354653600C5BCE4 /* Debug */ = {
			isa = XCBuildConfiguration;
			buildSettings = {
				ALWAYS_EMBED_SWIFT_STANDARD_LIBRARIES = YES;
				BUNDLE_LOADER = "$(TEST_HOST)";
				CODE_SIGN_STYLE = Automatic;
				DEVELOPMENT_TEAM = 34928A9DUL;
				INFOPLIST_FILE = HookNotes101Tests/Info.plist;
				IPHONEOS_DEPLOYMENT_TARGET = 13.0;
				LD_RUNPATH_SEARCH_PATHS = (
					"$(inherited)",
					"@executable_path/Frameworks",
					"@loader_path/Frameworks",
				);
				PRODUCT_BUNDLE_IDENTIFIER = taptap.HookNotes101Tests;
				PRODUCT_NAME = "$(TARGET_NAME)";
				SWIFT_VERSION = 5.0;
				TARGETED_DEVICE_FAMILY = "1,2";
				TEST_HOST = "$(BUILT_PRODUCTS_DIR)/HookNotes101.app/HookNotes101";
			};
			name = Debug;
		};
		940325062354653600C5BCE4 /* Release */ = {
			isa = XCBuildConfiguration;
			buildSettings = {
				ALWAYS_EMBED_SWIFT_STANDARD_LIBRARIES = YES;
				BUNDLE_LOADER = "$(TEST_HOST)";
				CODE_SIGN_STYLE = Automatic;
				DEVELOPMENT_TEAM = 34928A9DUL;
				INFOPLIST_FILE = HookNotes101Tests/Info.plist;
				IPHONEOS_DEPLOYMENT_TARGET = 13.0;
				LD_RUNPATH_SEARCH_PATHS = (
					"$(inherited)",
					"@executable_path/Frameworks",
					"@loader_path/Frameworks",
				);
				PRODUCT_BUNDLE_IDENTIFIER = taptap.HookNotes101Tests;
				PRODUCT_NAME = "$(TARGET_NAME)";
				SWIFT_VERSION = 5.0;
				TARGETED_DEVICE_FAMILY = "1,2";
				TEST_HOST = "$(BUILT_PRODUCTS_DIR)/HookNotes101.app/HookNotes101";
			};
			name = Release;
		};
		940325082354653600C5BCE4 /* Debug */ = {
			isa = XCBuildConfiguration;
			buildSettings = {
				ALWAYS_EMBED_SWIFT_STANDARD_LIBRARIES = YES;
				CODE_SIGN_STYLE = Automatic;
				DEVELOPMENT_TEAM = 34928A9DUL;
				INFOPLIST_FILE = HookNotes101UITests/Info.plist;
				LD_RUNPATH_SEARCH_PATHS = (
					"$(inherited)",
					"@executable_path/Frameworks",
					"@loader_path/Frameworks",
				);
				PRODUCT_BUNDLE_IDENTIFIER = taptap.HookNotes101UITests;
				PRODUCT_NAME = "$(TARGET_NAME)";
				SWIFT_VERSION = 5.0;
				TARGETED_DEVICE_FAMILY = "1,2";
				TEST_TARGET_NAME = HookNotes101;
			};
			name = Debug;
		};
		940325092354653600C5BCE4 /* Release */ = {
			isa = XCBuildConfiguration;
			buildSettings = {
				ALWAYS_EMBED_SWIFT_STANDARD_LIBRARIES = YES;
				CODE_SIGN_STYLE = Automatic;
				DEVELOPMENT_TEAM = 34928A9DUL;
				INFOPLIST_FILE = HookNotes101UITests/Info.plist;
				LD_RUNPATH_SEARCH_PATHS = (
					"$(inherited)",
					"@executable_path/Frameworks",
					"@loader_path/Frameworks",
				);
				PRODUCT_BUNDLE_IDENTIFIER = taptap.HookNotes101UITests;
				PRODUCT_NAME = "$(TARGET_NAME)";
				SWIFT_VERSION = 5.0;
				TARGETED_DEVICE_FAMILY = "1,2";
				TEST_TARGET_NAME = HookNotes101;
			};
			name = Release;
		};
/* End XCBuildConfiguration section */

/* Begin XCConfigurationList section */
		940324CF2354653400C5BCE4 /* Build configuration list for PBXProject "HookNotes101" */ = {
			isa = XCConfigurationList;
			buildConfigurations = (
				940324FF2354653600C5BCE4 /* Debug */,
				940325002354653600C5BCE4 /* Release */,
			);
			defaultConfigurationIsVisible = 0;
			defaultConfigurationName = Release;
		};
		940325012354653600C5BCE4 /* Build configuration list for PBXNativeTarget "HookNotes101" */ = {
			isa = XCConfigurationList;
			buildConfigurations = (
				940325022354653600C5BCE4 /* Debug */,
				940325032354653600C5BCE4 /* Release */,
			);
			defaultConfigurationIsVisible = 0;
			defaultConfigurationName = Release;
		};
		940325042354653600C5BCE4 /* Build configuration list for PBXNativeTarget "HookNotes101Tests" */ = {
			isa = XCConfigurationList;
			buildConfigurations = (
				940325052354653600C5BCE4 /* Debug */,
				940325062354653600C5BCE4 /* Release */,
			);
			defaultConfigurationIsVisible = 0;
			defaultConfigurationName = Release;
		};
		940325072354653600C5BCE4 /* Build configuration list for PBXNativeTarget "HookNotes101UITests" */ = {
			isa = XCConfigurationList;
			buildConfigurations = (
				940325082354653600C5BCE4 /* Debug */,
				940325092354653600C5BCE4 /* Release */,
			);
			defaultConfigurationIsVisible = 0;
			defaultConfigurationName = Release;
		};
/* End XCConfigurationList section */

/* Begin XCVersionGroup section */
		940324E02354653500C5BCE4 /* HookNotes101.xcdatamodeld */ = {
			isa = XCVersionGroup;
			children = (
				940324E12354653500C5BCE4 /* HookNotes101.xcdatamodel */,
			);
			currentVersion = 940324E12354653500C5BCE4 /* HookNotes101.xcdatamodel */;
			path = HookNotes101.xcdatamodeld;
			sourceTree = "<group>";
			versionGroupType = wrapper.xcdatamodel;
		};
/* End XCVersionGroup section */
	};
	rootObject = 940324CC2354653400C5BCE4 /* Project object */;
}
